
Microsoft Visual Studio Solution File, Format Version 12.00
# Visual Studio Version 17
VisualStudioVersion = 17.0.32126.317
MinimumVisualStudioVersion = 10.0.40219.1
Project("{FAE04EC0-301F-11D3-BF4B-00C04F79EFBC}") = "ClientLabo2", "ClientLabo2\ClientLabo2.csproj", "{631A7A8F-4D4D-467B-B63D-2AB60A88E047}"
EndProject
Global
	GlobalSection(SolutionConfigurationPlatforms) = preSolution
		Debug|Any CPU = Debug|Any CPU
		Release|Any CPU = Release|Any CPU
	EndGlobalSection
	GlobalSection(ProjectConfigurationPlatforms) = postSolution
		{631A7A8F-4D4D-467B-B63D-2AB60A88E047}.Debug|Any CPU.ActiveCfg = Debug|Any CPU
		{631A7A8F-4D4D-467B-B63D-2AB60A88E047}.Debug|Any CPU.Build.0 = Debug|Any CPU
		{631A7A8F-4D4D-467B-B63D-2AB60A88E047}.Release|Any CPU.ActiveCfg = Release|Any CPU
		{631A7A8F-4D4D-467B-B63D-2AB60A88E047}.Release|Any CPU.Build.0 = Release|Any CPU
	EndGlobalSection
	GlobalSection(SolutionProperties) = preSolution
		HideSolutionNode = FALSE
	EndGlobalSection
	GlobalSection(ExtensibilityGlobals) = postSolution
		SolutionGuid = {B9A67D0C-8EC4-4E88-98FC-EA1F6D144B01}
	EndGlobalSection
EndGlobal
